// !$*UTF8*$!
{
	archiveVersion = 1;
	classes = {
	};
	objectVersion = 51;
	objects = {

/* Begin PBXBuildFile section */
		554FDD532636A6D4002FDBCA /* AppDelegate.swift in Sources */ = {isa = PBXBuildFile; fileRef = 554FDD522636A6D4002FDBCA /* AppDelegate.swift */; };
		554FDD552636A6D4002FDBCA /* SceneDelegate.swift in Sources */ = {isa = PBXBuildFile; fileRef = 554FDD542636A6D4002FDBCA /* SceneDelegate.swift */; };
		554FDD572636A6D4002FDBCA /* ViewController.swift in Sources */ = {isa = PBXBuildFile; fileRef = 554FDD562636A6D4002FDBCA /* ViewController.swift */; };
		554FDD5A2636A6D4002FDBCA /* Main.storyboard in Resources */ = {isa = PBXBuildFile; fileRef = 554FDD582636A6D4002FDBCA /* Main.storyboard */; };
		554FDD5C2636A6D5002FDBCA /* Assets.xcassets in Resources */ = {isa = PBXBuildFile; fileRef = 554FDD5B2636A6D5002FDBCA /* Assets.xcassets */; };
		554FDD5F2636A6D5002FDBCA /* LaunchScreen.storyboard in Resources */ = {isa = PBXBuildFile; fileRef = 554FDD5D2636A6D5002FDBCA /* LaunchScreen.storyboard */; };
		554FDD6F2636AF58002FDBCA /* RandomRecipeModel.swift in Sources */ = {isa = PBXBuildFile; fileRef = 554FDD6E2636AF58002FDBCA /* RandomRecipeModel.swift */; };
		554FDD762636B02A002FDBCA /* Constants.swift in Sources */ = {isa = PBXBuildFile; fileRef = 554FDD752636B02A002FDBCA /* Constants.swift */; };
		55978D112636DDA800ACB0AB /* SearchViewController.swift in Sources */ = {isa = PBXBuildFile; fileRef = 55978D102636DDA800ACB0AB /* SearchViewController.swift */; };
		55978D142636F07B00ACB0AB /* SearchDetailViewController.swift in Sources */ = {isa = PBXBuildFile; fileRef = 55978D132636F07B00ACB0AB /* SearchDetailViewController.swift */; };
		C48039F0078B7C9DFD444932 /* Pods_FoodyCookBook.framework in Frameworks */ = {isa = PBXBuildFile; fileRef = E562FCC8201C85A14CBC1267 /* Pods_FoodyCookBook.framework */; };
/* End PBXBuildFile section */

/* Begin PBXFileReference section */
		554FDD4F2636A6D4002FDBCA /* FoodyCookBook.app */ = {isa = PBXFileReference; explicitFileType = wrapper.application; includeInIndex = 0; path = FoodyCookBook.app; sourceTree = BUILT_PRODUCTS_DIR; };
		554FDD522636A6D4002FDBCA /* AppDelegate.swift */ = {isa = PBXFileReference; lastKnownFileType = sourcecode.swift; path = AppDelegate.swift; sourceTree = "<group>"; };
		554FDD542636A6D4002FDBCA /* SceneDelegate.swift */ = {isa = PBXFileReference; lastKnownFileType = sourcecode.swift; path = SceneDelegate.swift; sourceTree = "<group>"; };
		554FDD562636A6D4002FDBCA /* ViewController.swift */ = {isa = PBXFileReference; lastKnownFileType = sourcecode.swift; path = ViewController.swift; sourceTree = "<group>"; };
		554FDD592636A6D4002FDBCA /* Base */ = {isa = PBXFileReference; lastKnownFileType = file.storyboard; name = Base; path = Base.lproj/Main.storyboard; sourceTree = "<group>"; };
		554FDD5B2636A6D5002FDBCA /* Assets.xcassets */ = {isa = PBXFileReference; lastKnownFileType = folder.assetcatalog; path = Assets.xcassets; sourceTree = "<group>"; };
		554FDD5E2636A6D5002FDBCA /* Base */ = {isa = PBXFileReference; lastKnownFileType = file.storyboard; name = Base; path = Base.lproj/LaunchScreen.storyboard; sourceTree = "<group>"; };
		554FDD602636A6D5002FDBCA /* Info.plist */ = {isa = PBXFileReference; lastKnownFileType = text.plist.xml; path = Info.plist; sourceTree = "<group>"; };
		554FDD6E2636AF58002FDBCA /* RandomRecipeModel.swift */ = {isa = PBXFileReference; lastKnownFileType = sourcecode.swift; path = RandomRecipeModel.swift; sourceTree = "<group>"; };
		554FDD752636B02A002FDBCA /* Constants.swift */ = {isa = PBXFileReference; lastKnownFileType = sourcecode.swift; path = Constants.swift; sourceTree = "<group>"; };
		55978D102636DDA800ACB0AB /* SearchViewController.swift */ = {isa = PBXFileReference; lastKnownFileType = sourcecode.swift; path = SearchViewController.swift; sourceTree = "<group>"; };
		55978D132636F07B00ACB0AB /* SearchDetailViewController.swift */ = {isa = PBXFileReference; lastKnownFileType = sourcecode.swift; path = SearchDetailViewController.swift; sourceTree = "<group>"; };
		83661574EA23E597BBD4731B /* Pods-FoodyCookBook.debug.xcconfig */ = {isa = PBXFileReference; includeInIndex = 1; lastKnownFileType = text.xcconfig; name = "Pods-FoodyCookBook.debug.xcconfig"; path = "Target Support Files/Pods-FoodyCookBook/Pods-FoodyCookBook.debug.xcconfig"; sourceTree = "<group>"; };
		CEFF840B4593448DD2032381 /* Pods-FoodyCookBook.release.xcconfig */ = {isa = PBXFileReference; includeInIndex = 1; lastKnownFileType = text.xcconfig; name = "Pods-FoodyCookBook.release.xcconfig"; path = "Target Support Files/Pods-FoodyCookBook/Pods-FoodyCookBook.release.xcconfig"; sourceTree = "<group>"; };
		E562FCC8201C85A14CBC1267 /* Pods_FoodyCookBook.framework */ = {isa = PBXFileReference; explicitFileType = wrapper.framework; includeInIndex = 0; path = Pods_FoodyCookBook.framework; sourceTree = BUILT_PRODUCTS_DIR; };
/* End PBXFileReference section */

/* Begin PBXFrameworksBuildPhase section */
		554FDD4C2636A6D4002FDBCA /* Frameworks */ = {
			isa = PBXFrameworksBuildPhase;
			buildActionMask = 2147483647;
			files = (
				C48039F0078B7C9DFD444932 /* Pods_FoodyCookBook.framework in Frameworks */,
			);
			runOnlyForDeploymentPostprocessing = 0;
		};
/* End PBXFrameworksBuildPhase section */

/* Begin PBXGroup section */
		35538127FE3EFA3F14A80313 /* Frameworks */ = {
			isa = PBXGroup;
			children = (
				E562FCC8201C85A14CBC1267 /* Pods_FoodyCookBook.framework */,
			);
			name = Frameworks;
			sourceTree = "<group>";
		};
		554FDD462636A6D4002FDBCA = {
			isa = PBXGroup;
			children = (
				554FDD512636A6D4002FDBCA /* FoodyCookBook */,
				554FDD502636A6D4002FDBCA /* Products */,
				D1CCC99EBD2786557F4FC554 /* Pods */,
				35538127FE3EFA3F14A80313 /* Frameworks */,
			);
			sourceTree = "<group>";
		};
		554FDD502636A6D4002FDBCA /* Products */ = {
			isa = PBXGroup;
			children = (
				554FDD4F2636A6D4002FDBCA /* FoodyCookBook.app */,
			);
			name = Products;
			sourceTree = "<group>";
		};
		554FDD512636A6D4002FDBCA /* FoodyCookBook */ = {
			isa = PBXGroup;
			children = (
				554FDD522636A6D4002FDBCA /* AppDelegate.swift */,
				554FDD542636A6D4002FDBCA /* SceneDelegate.swift */,
				554FDD562636A6D4002FDBCA /* ViewController.swift */,
				554FDD582636A6D4002FDBCA /* Main.storyboard */,
				554FDD5B2636A6D5002FDBCA /* Assets.xcassets */,
				554FDD5D2636A6D5002FDBCA /* LaunchScreen.storyboard */,
				554FDD602636A6D5002FDBCA /* Info.plist */,
				554FDD6E2636AF58002FDBCA /* RandomRecipeModel.swift */,
				554FDD752636B02A002FDBCA /* Constants.swift */,
				55978D102636DDA800ACB0AB /* SearchViewController.swift */,
				55978D132636F07B00ACB0AB /* SearchDetailViewController.swift */,
			);
			path = FoodyCookBook;
			sourceTree = "<group>";
		};
		D1CCC99EBD2786557F4FC554 /* Pods */ = {
			isa = PBXGroup;
			children = (
				83661574EA23E597BBD4731B /* Pods-FoodyCookBook.debug.xcconfig */,
				CEFF840B4593448DD2032381 /* Pods-FoodyCookBook.release.xcconfig */,
			);
			path = Pods;
			sourceTree = "<group>";
		};
/* End PBXGroup section */

/* Begin PBXNativeTarget section */
		554FDD4E2636A6D4002FDBCA /* FoodyCookBook */ = {
			isa = PBXNativeTarget;
			buildConfigurationList = 554FDD632636A6D5002FDBCA /* Build configuration list for PBXNativeTarget "FoodyCookBook" */;
			buildPhases = (
				42DFF81A3BD90B20591CB299 /* [CP] Check Pods Manifest.lock */,
				554FDD4B2636A6D4002FDBCA /* Sources */,
				554FDD4C2636A6D4002FDBCA /* Frameworks */,
				554FDD4D2636A6D4002FDBCA /* Resources */,
				ECC2CA826F1F97513EDFB685 /* [CP] Embed Pods Frameworks */,
			);
			buildRules = (
			);
			dependencies = (
			);
			name = FoodyCookBook;
			productName = FoodyCookBook;
			productReference = 554FDD4F2636A6D4002FDBCA /* FoodyCookBook.app */;
			productType = "com.apple.product-type.application";
		};
/* End PBXNativeTarget section */

/* Begin PBXProject section */
		554FDD472636A6D4002FDBCA /* Project object */ = {
			isa = PBXProject;
			attributes = {
				LastSwiftUpdateCheck = 1240;
				LastUpgradeCheck = 1240;
				TargetAttributes = {
					554FDD4E2636A6D4002FDBCA = {
						CreatedOnToolsVersion = 12.4;
					};
				};
			};
			buildConfigurationList = 554FDD4A2636A6D4002FDBCA /* Build configuration list for PBXProject "FoodyCookBook" */;
			compatibilityVersion = "Xcode 9.3";
			developmentRegion = en;
			hasScannedForEncodings = 0;
			knownRegions = (
				en,
				Base,
			);
			mainGroup = 554FDD462636A6D4002FDBCA;
			productRefGroup = 554FDD502636A6D4002FDBCA /* Products */;
			projectDirPath = "";
			projectRoot = "";
			targets = (
				554FDD4E2636A6D4002FDBCA /* FoodyCookBook */,
			);
		};
/* End PBXProject section */

/* Begin PBXResourcesBuildPhase section */
		554FDD4D2636A6D4002FDBCA /* Resources */ = {
			isa = PBXResourcesBuildPhase;
			buildActionMask = 2147483647;
			files = (
				554FDD5F2636A6D5002FDBCA /* LaunchScreen.storyboard in Resources */,
				554FDD5C2636A6D5002FDBCA /* Assets.xcassets in Resources */,
				554FDD5A2636A6D4002FDBCA /* Main.storyboard in Resources */,
			);
			runOnlyForDeploymentPostprocessing = 0;
		};
/* End PBXResourcesBuildPhase section */

/* Begin PBXShellScriptBuildPhase section */
		42DFF81A3BD90B20591CB299 /* [CP] Check Pods Manifest.lock */ = {
			isa = PBXShellScriptBuildPhase;
			buildActionMask = 2147483647;
			files = (
			);
			inputFileListPaths = (
			);
			inputPaths = (
				"${PODS_PODFILE_DIR_PATH}/Podfile.lock",
				"${PODS_ROOT}/Manifest.lock",
			);
			name = "[CP] Check Pods Manifest.lock";
			outputFileListPaths = (
			);
			outputPaths = (
				"$(DERIVED_FILE_DIR)/Pods-FoodyCookBook-checkManifestLockResult.txt",
			);
			runOnlyForDeploymentPostprocessing = 0;
			shellPath = /bin/sh;
			shellScript = "diff \"${PODS_PODFILE_DIR_PATH}/Podfile.lock\" \"${PODS_ROOT}/Manifest.lock\" > /dev/null\nif [ $? != 0 ] ; then\n    # print error to STDERR\n    echo \"error: The sandbox is not in sync with the Podfile.lock. Run 'pod install' or update your CocoaPods installation.\" >&2\n    exit 1\nfi\n# This output is used by Xcode 'outputs' to avoid re-running this script phase.\necho \"SUCCESS\" > \"${SCRIPT_OUTPUT_FILE_0}\"\n";
			showEnvVarsInLog = 0;
		};
		ECC2CA826F1F97513EDFB685 /* [CP] Embed Pods Frameworks */ = {
			isa = PBXShellScriptBuildPhase;
			buildActionMask = 2147483647;
			files = (
			);
			inputFileListPaths = (
				"${PODS_ROOT}/Target Support Files/Pods-FoodyCookBook/Pods-FoodyCookBook-frameworks-${CONFIGURATION}-input-files.xcfilelist",
			);
			name = "[CP] Embed Pods Frameworks";
			outputFileListPaths = (
				"${PODS_ROOT}/Target Support Files/Pods-FoodyCookBook/Pods-FoodyCookBook-frameworks-${CONFIGURATION}-output-files.xcfilelist",
			);
			runOnlyForDeploymentPostprocessing = 0;
			shellPath = /bin/sh;
			shellScript = "\"${PODS_ROOT}/Target Support Files/Pods-FoodyCookBook/Pods-FoodyCookBook-frameworks.sh\"\n";
			showEnvVarsInLog = 0;
		};
/* End PBXShellScriptBuildPhase section */

/* Begin PBXSourcesBuildPhase section */
		554FDD4B2636A6D4002FDBCA /* Sources */ = {
			isa = PBXSourcesBuildPhase;
			buildActionMask = 2147483647;
			files = (
				55978D142636F07B00ACB0AB /* SearchDetailViewController.swift in Sources */,
				55978D112636DDA800ACB0AB /* SearchViewController.swift in Sources */,
				554FDD762636B02A002FDBCA /* Constants.swift in Sources */,
				554FDD6F2636AF58002FDBCA /* RandomRecipeModel.swift in Sources */,
				554FDD572636A6D4002FDBCA /* ViewController.swift in Sources */,
				554FDD532636A6D4002FDBCA /* AppDelegate.swift in Sources */,
				554FDD552636A6D4002FDBCA /* SceneDelegate.swift in Sources */,
			);
			runOnlyForDeploymentPostprocessing = 0;
		};
/* End PBXSourcesBuildPhase section */

/* Begin PBXVariantGroup section */
		554FDD582636A6D4002FDBCA /* Main.storyboard */ = {
			isa = PBXVariantGroup;
			children = (
				554FDD592636A6D4002FDBCA /* Base */,
			);
			name = Main.storyboard;
			sourceTree = "<group>";
		};
		554FDD5D2636A6D5002FDBCA /* LaunchScreen.storyboard */ = {
			isa = PBXVariantGroup;
			children = (
				554FDD5E2636A6D5002FDBCA /* Base */,
			);
			name = LaunchScreen.storyboard;
			sourceTree = "<group>";
		};
/* End PBXVariantGroup section */

/* Begin XCBuildConfiguration section */
		554FDD612636A6D5002FDBCA /* Debug */ = {
			isa = XCBuildConfiguration;
			buildSettings = {
				ALWAYS_SEARCH_USER_PATHS = NO;
				CLANG_ANALYZER_NONNULL = YES;
				CLANG_ANALYZER_NUMBER_OBJECT_CONVERSION = YES_AGGRESSIVE;
				CLANG_CXX_LANGUAGE_STANDARD = "gnu++14";
				CLANG_CXX_LIBRARY = "libc++";
				CLANG_ENABLE_MODULES = YES;
				CLANG_ENABLE_OBJC_ARC = YES;
				CLANG_ENABLE_OBJC_WEAK = YES;
				CLANG_WARN_BLOCK_CAPTURE_AUTORELEASING = YES;
				CLANG_WARN_BOOL_CONVERSION = YES;
				CLANG_WARN_COMMA = YES;
				CLANG_WARN_CONSTANT_CONVERSION = YES;
				CLANG_WARN_DEPRECATED_OBJC_IMPLEMENTATIONS = YES;
				CLANG_WARN_DIRECT_OBJC_ISA_USAGE = YES_ERROR;
				CLANG_WARN_DOCUMENTATION_COMMENTS = YES;
				CLANG_WARN_EMPTY_BODY = YES;
				CLANG_WARN_ENUM_CONVERSION = YES;
				CLANG_WARN_INFINITE_RECURSION = YES;
				CLANG_WARN_INT_CONVERSION = YES;
				CLANG_WARN_NON_LITERAL_NULL_CONVERSION = YES;
				CLANG_WARN_OBJC_IMPLICIT_RETAIN_SELF = YES;
				CLANG_WARN_OBJC_LITERAL_CONVERSION = YES;
				CLANG_WARN_OBJC_ROOT_CLASS = YES_ERROR;
				CLANG_WARN_QUOTED_INCLUDE_IN_FRAMEWORK_HEADER = YES;
				CLANG_WARN_RANGE_LOOP_ANALYSIS = YES;
				CLANG_WARN_STRICT_PROTOTYPES = YES;
				CLANG_WARN_SUSPICIOUS_MOVE = YES;
				CLANG_WARN_UNGUARDED_AVAILABILITY = YES_AGGRESSIVE;
				CLANG_WARN_UNREACHABLE_CODE = YES;
				CLANG_WARN__DUPLICATE_METHOD_MATCH = YES;
				COPY_PHASE_STRIP = NO;
				DEBUG_INFORMATION_FORMAT = dwarf;
				ENABLE_STRICT_OBJC_MSGSEND = YES;
				ENABLE_TESTABILITY = YES;
				GCC_C_LANGUAGE_STANDARD = gnu11;
				GCC_DYNAMIC_NO_PIC = NO;
				GCC_NO_COMMON_BLOCKS = YES;
				GCC_OPTIMIZATION_LEVEL = 0;
				GCC_PREPROCESSOR_DEFINITIONS = (
					"DEBUG=1",
					"$(inherited)",
				);
				GCC_WARN_64_TO_32_BIT_CONVERSION = YES;
				GCC_WARN_ABOUT_RETURN_TYPE = YES_ERROR;
				GCC_WARN_UNDECLARED_SELECTOR = YES;
				GCC_WARN_UNINITIALIZED_AUTOS = YES_AGGRESSIVE;
				GCC_WARN_UNUSED_FUNCTION = YES;
				GCC_WARN_UNUSED_VARIABLE = YES;
				IPHONEOS_DEPLOYMENT_TARGET = 14.4;
				MTL_ENABLE_DEBUG_INFO = INCLUDE_SOURCE;
				MTL_FAST_MATH = YES;
				ONLY_ACTIVE_ARCH = YES;
				SDKROOT = iphoneos;
				SWIFT_ACTIVE_COMPILATION_CONDITIONS = DEBUG;
				SWIFT_OPTIMIZATION_LEVEL = "-Onone";
			};
			name = Debug;
		};
		554FDD622636A6D5002FDBCA /* Release */ = {
			isa = XCBuildConfiguration;
			buildSettings = {
				ALWAYS_SEARCH_USER_PATHS = NO;
				CLANG_ANALYZER_NONNULL = YES;
				CLANG_ANALYZER_NUMBER_OBJECT_CONVERSION = YES_AGGRESSIVE;
				CLANG_CXX_LANGUAGE_STANDARD = "gnu++14";
				CLANG_CXX_LIBRARY = "libc++";
				CLANG_ENABLE_MODULES = YES;
				CLANG_ENABLE_OBJC_ARC = YES;
				CLANG_ENABLE_OBJC_WEAK = YES;
				CLANG_WARN_BLOCK_CAPTURE_AUTORELEASING = YES;
				CLANG_WARN_BOOL_CONVERSION = YES;
				CLANG_WARN_COMMA = YES;
				CLANG_WARN_CONSTANT_CONVERSION = YES;
				CLANG_WARN_DEPRECATED_OBJC_IMPLEMENTATIONS = YES;
				CLANG_WARN_DIRECT_OBJC_ISA_USAGE = YES_ERROR;
				CLANG_WARN_DOCUMENTATION_COMMENTS = YES;
				CLANG_WARN_EMPTY_BODY = YES;
				CLANG_WARN_ENUM_CONVERSION = YES;
				CLANG_WARN_INFINITE_RECURSION = YES;
				CLANG_WARN_INT_CONVERSION = YES;
				CLANG_WARN_NON_LITERAL_NULL_CONVERSION = YES;
				CLANG_WARN_OBJC_IMPLICIT_RETAIN_SELF = YES;
				CLANG_WARN_OBJC_LITERAL_CONVERSION = YES;
				CLANG_WARN_OBJC_ROOT_CLASS = YES_ERROR;
				CLANG_WARN_QUOTED_INCLUDE_IN_FRAMEWORK_HEADER = YES;
				CLANG_WARN_RANGE_LOOP_ANALYSIS = YES;
				CLANG_WARN_STRICT_PROTOTYPES = YES;
				CLANG_WARN_SUSPICIOUS_MOVE = YES;
				CLANG_WARN_UNGUARDED_AVAILABILITY = YES_AGGRESSIVE;
				CLANG_WARN_UNREACHABLE_CODE = YES;
				CLANG_WARN__DUPLICATE_METHOD_MATCH = YES;
				COPY_PHASE_STRIP = NO;
				DEBUG_INFORMATION_FORMAT = "dwarf-with-dsym";
				ENABLE_NS_ASSERTIONS = NO;
				ENABLE_STRICT_OBJC_MSGSEND = YES;
				GCC_C_LANGUAGE_STANDARD = gnu11;
				GCC_NO_COMMON_BLOCKS = YES;
				GCC_WARN_64_TO_32_BIT_CONVERSION = YES;
				GCC_WARN_ABOUT_RETURN_TYPE = YES_ERROR;
				GCC_WARN_UNDECLARED_SELECTOR = YES;
				GCC_WARN_UNINITIALIZED_AUTOS = YES_AGGRESSIVE;
				GCC_WARN_UNUSED_FUNCTION = YES;
				GCC_WARN_UNUSED_VARIABLE = YES;
				IPHONEOS_DEPLOYMENT_TARGET = 14.4;
				MTL_ENABLE_DEBUG_INFO = NO;
				MTL_FAST_MATH = YES;
				SDKROOT = iphoneos;
				SWIFT_COMPILATION_MODE = wholemodule;
				SWIFT_OPTIMIZATION_LEVEL = "-O";
				VALIDATE_PRODUCT = YES;
			};
			name = Release;
		};
		554FDD642636A6D5002FDBCA /* Debug */ = {
			isa = XCBuildConfiguration;
			baseConfigurationReference = 83661574EA23E597BBD4731B /* Pods-FoodyCookBook.debug.xcconfig */;
			buildSettings = {
				ASSETCATALOG_COMPILER_APPICON_NAME = AppIcon;
				ASSETCATALOG_COMPILER_GLOBAL_ACCENT_COLOR_NAME = AccentColor;
				CODE_SIGN_STYLE = Automatic;
				INFOPLIST_FILE = FoodyCookBook/Info.plist;
				LD_RUNPATH_SEARCH_PATHS = (
					"$(inherited)",
					"@executable_path/Frameworks",
				);
				PRODUCT_BUNDLE_IDENTIFIER = jyotirmaysharma.FoodyCookBook;
				PRODUCT_NAME = "$(TARGET_NAME)";
				SWIFT_VERSION = 5.0;
				TARGETED_DEVICE_FAMILY = "1,2";
			};
			name = Debug;
		};
		554FDD652636A6D5002FDBCA /* Release */ = {
			isa = XCBuildConfiguration;
			baseConfigurationReference = CEFF840B4593448DD2032381 /* Pods-FoodyCookBook.release.xcconfig */;
			buildSettings = {
				ASSETCATALOG_COMPILER_APPICON_NAME = AppIcon;
				ASSETCATALOG_COMPILER_GLOBAL_ACCENT_COLOR_NAME = AccentColor;
				CODE_SIGN_STYLE = Automatic;
				INFOPLIST_FILE = FoodyCookBook/Info.plist;
				LD_RUNPATH_SEARCH_PATHS = (
					"$(inherited)",
					"@executable_path/Frameworks",
				);
				PRODUCT_BUNDLE_IDENTIFIER = jyotirmaysharma.FoodyCookBook;
				PRODUCT_NAME = "$(TARGET_NAME)";
				SWIFT_VERSION = 5.0;
				TARGETED_DEVICE_FAMILY = "1,2";
			};
			name = Release;
		};
/* End XCBuildConfiguration section */

/* Begin XCConfigurationList section */
		554FDD4A2636A6D4002FDBCA /* Build configuration list for PBXProject "FoodyCookBook" */ = {
			isa = XCConfigurationList;
			buildConfigurations = (
				554FDD612636A6D5002FDBCA /* Debug */,
				554FDD622636A6D5002FDBCA /* Release */,
			);
			defaultConfigurationIsVisible = 0;
			defaultConfigurationName = Release;
		};
		554FDD632636A6D5002FDBCA /* Build configuration list for PBXNativeTarget "FoodyCookBook" */ = {
			isa = XCConfigurationList;
			buildConfigurations = (
				554FDD642636A6D5002FDBCA /* Debug */,
				554FDD652636A6D5002FDBCA /* Release */,
			);
			defaultConfigurationIsVisible = 0;
			defaultConfigurationName = Release;
		};
/* End XCConfigurationList section */
	};
	rootObject = 554FDD472636A6D4002FDBCA /* Project object */;
}
